
Microsoft Visual Studio Solution File, Format Version 12.00
# Visual Studio 2013
VisualStudioVersion = 12.0.40629.0
MinimumVisualStudioVersion = 10.0.40219.1
Project("{8BC9CEB8-8B4A-11D0-8D11-00A0C91BC942}") = "test", "test\test.vcxproj", "{36D08557-79CB-4561-95A3-B7A8DC994378}"
EndProject
Project("{2150E333-8FDC-42A3-9474-1A3956D46DE8}") = "Solution Items", "Solution Items", "{B0264E10-E091-407C-8A02-81BCD18A41A6}"
	ProjectSection(SolutionItems) = preProject
		Performance1.psess = Performance1.psess
	EndProjectSection
EndProject
Global
	GlobalSection(SolutionConfigurationPlatforms) = preSolution
		Debug|Win32 = Debug|Win32
		Release|Win32 = Release|Win32
	EndGlobalSection
	GlobalSection(ProjectConfigurationPlatforms) = postSolution
		{36D08557-79CB-4561-95A3-B7A8DC994378}.Debug|Win32.ActiveCfg = Debug|Win32
		{36D08557-79CB-4561-95A3-B7A8DC994378}.Debug|Win32.Build.0 = Debug|Win32
		{36D08557-79CB-4561-95A3-B7A8DC994378}.Release|Win32.ActiveCfg = Release|Win32
		{36D08557-79CB-4561-95A3-B7A8DC994378}.Release|Win32.Build.0 = Release|Win32
	EndGlobalSection
	GlobalSection(SolutionProperties) = preSolution
		HideSolutionNode = FALSE
	EndGlobalSection
EndGlobal
