
Microsoft Visual Studio Solution File, Format Version 11.00
# Visual Studio 2010
Project("{8BC9CEB8-8B4A-11D0-8D11-00A0C91BC942}") = "demo", "demo\demo.vcxproj", "{FB12E9B1-2C08-4555-BCED-ABB703798624}"
EndProject
Global
	GlobalSection(SolutionConfigurationPlatforms) = preSolution
		Debug|Win32 = Debug|Win32
		Release|Win32 = Release|Win32
	EndGlobalSection
	GlobalSection(ProjectConfigurationPlatforms) = postSolution
		{FB12E9B1-2C08-4555-BCED-ABB703798624}.Debug|Win32.ActiveCfg = Debug|Win32
		{FB12E9B1-2C08-4555-BCED-ABB703798624}.Debug|Win32.Build.0 = Debug|Win32
		{FB12E9B1-2C08-4555-BCED-ABB703798624}.Release|Win32.ActiveCfg = Release|Win32
		{FB12E9B1-2C08-4555-BCED-ABB703798624}.Release|Win32.Build.0 = Release|Win32
	EndGlobalSection
	GlobalSection(SolutionProperties) = preSolution
		HideSolutionNode = FALSE
	EndGlobalSection
EndGlobal
